# requirements.lock — pinned, reproducible dependency set.
# Generated from a real `pip freeze` in the build environment. Two packages
# (mplfinance, tzdata) weren't resolvable here because this sandbox has no
# PyPI network access — regenerate with the command below in CI/locally to
# fill those in and keep this file authoritative:
#
#   pip install -r requirements.txt && pip freeze > requirements.lock
#   (or: pip-compile requirements.txt -o requirements.lock)
#
# requirements.txt stays loose (>=) for local dev; deploys should
# `pip install -r requirements.lock` for reproducibility.

flask==3.1.3
werkzeug==3.1.7
jinja2==3.1.6
markupsafe==3.0.3
itsdangerous==2.2.0
click==8.3.1
blinker==1.9.0

requests==2.33.1
certifi==2026.2.25
charset-normalizer==3.4.6
idna==3.11
urllib3==2.6.3

pandas==3.0.2
numpy==2.4.4
python-dateutil==2.9.0.post0

matplotlib==3.10.8
contourpy==1.3.3
cycler==0.12.1
fonttools==4.62.1
kiwisolver==1.5.0
packaging==26.0
pillow==12.1.1
pyparsing==3.3.2

mplfinance==  # TODO: pin via pip-compile (not resolvable offline)
tzdata==      # TODO: pin via pip-compile (not resolvable offline)
